# This file is automatically @generated by Cargo.
# It is not intended for manual editing.
version = 4

[[package]]
name = "bme280"
version = "0.1.0"
dependencies = [
 "flint-api",
]

[[package]]
name = "demo"
version = "0.1.0"
dependencies = [
 "flint-api",
 "flint-build",
 "flint-hal",
 "flint-kernel",
]

[[package]]
name = "esp32-gpio"
version = "0.1.0"
dependencies = [
 "flint-hal",
 "flint-soc-esp32",
]

[[package]]
name = "esp32-i2c"
version = "0.1.0"
dependencies = [
 "flint-hal",
 "flint-soc-esp32",
]

[[package]]
name = "esp32-spi"
version = "0.1.0"
dependencies = [
 "flint-hal",
 "flint-soc-esp32",
]

[[package]]
name = "esp32-uart"
version = "0.1.0"
dependencies = [
 "flint-hal",
 "flint-soc-esp32",
]

[[package]]
name = "flint-api"
version = "0.1.0"
dependencies = [
 "flint-hal",
]

[[package]]
name = "flint-arch-xtensa"
version = "0.1.0"
dependencies = [
 "flint-hal",
]

[[package]]
name = "flint-board"
version = "0.1.0"
dependencies = [
 "flint-hal",
 "flint-soc-esp32",
]

[[package]]
name = "flint-build"
version = "0.1.0"

[[package]]
name = "flint-hal"
version = "0.1.0"

[[package]]
name = "flint-kernel"
version = "0.1.0"
dependencies = [
 "bme280",
 "esp32-gpio",
 "esp32-i2c",
 "esp32-spi",
 "esp32-uart",
 "flint-api",
 "flint-arch-xtensa",
 "flint-board",
 "flint-hal",
 "i2c-bus",
 "spi-bus",
 "ssd1306",
 "uart-bus",
]

[[package]]
name = "flint-size"
version = "0.1.0"

[[package]]
name = "flint-soc-esp32"
version = "0.1.0"
dependencies = [
 "flint-hal",
]

[[package]]
name = "hello"
version = "0.1.0"
dependencies = [
 "flint-api",
 "flint-build",
 "flint-hal",
 "flint-kernel",
]

[[package]]
name = "i2c-bus"
version = "0.1.0"
dependencies = [
 "flint-api",
]

[[package]]
name = "spi-bus"
version = "0.1.0"
dependencies = [
 "flint-api",
]

[[package]]
name = "ssd1306"
version = "0.1.0"
dependencies = [
 "flint-api",
]

[[package]]
name = "uart-bus"
version = "0.1.0"
dependencies = [
 "flint-api",
]
