# This file is automatically @generated by Cargo.
# It is not intended for manual editing.
version = 4

[[package]]
name = "api"
version = "0.1.0"
dependencies = [
 "hal",
]

[[package]]
name = "arch-xtensa"
version = "0.1.0"
dependencies = [
 "hal",
]

[[package]]
name = "bme280"
version = "0.1.0"
dependencies = [
 "api",
]

[[package]]
name = "board"
version = "0.1.0"
dependencies = [
 "hal",
 "soc-esp32",
]

[[package]]
name = "build"
version = "0.1.0"

[[package]]
name = "demo"
version = "0.1.0"
dependencies = [
 "api",
 "build",
 "hal",
 "kernel",
]

[[package]]
name = "esp32-gpio"
version = "0.1.0"
dependencies = [
 "hal",
 "soc-esp32",
]

[[package]]
name = "esp32-i2c"
version = "0.1.0"
dependencies = [
 "hal",
 "soc-esp32",
]

[[package]]
name = "esp32-spi"
version = "0.1.0"
dependencies = [
 "hal",
 "soc-esp32",
]

[[package]]
name = "esp32-uart"
version = "0.1.0"
dependencies = [
 "hal",
 "soc-esp32",
]

[[package]]
name = "hal"
version = "0.1.0"

[[package]]
name = "hello"
version = "0.1.0"
dependencies = [
 "api",
 "build",
 "hal",
 "kernel",
]

[[package]]
name = "i2c-bus"
version = "0.1.0"
dependencies = [
 "api",
]

[[package]]
name = "kernel"
version = "0.1.0"
dependencies = [
 "api",
 "arch-xtensa",
 "board",
 "esp32-uart",
 "hal",
]

[[package]]
name = "size"
version = "0.1.0"

[[package]]
name = "soc-esp32"
version = "0.1.0"
dependencies = [
 "hal",
]

[[package]]
name = "spi-bus"
version = "0.1.0"
dependencies = [
 "api",
]

[[package]]
name = "ssd1306"
version = "0.1.0"
dependencies = [
 "api",
]

[[package]]
name = "uart-bus"
version = "0.1.0"
dependencies = [
 "api",
]
