# This file is automatically @generated by Cargo.
# It is not intended for manual editing.
version = 4

[[package]]
name = "demo"
version = "0.1.0"
dependencies = [
 "flint-api",
 "flint-build",
 "flint-hal",
 "flint-kernel",
]

[[package]]
name = "flint-api"
version = "0.1.0"
dependencies = [
 "flint-hal",
]

[[package]]
name = "flint-arch-xtensa"
version = "0.1.0"
dependencies = [
 "flint-hal",
]

[[package]]
name = "flint-board"
version = "0.1.0"
dependencies = [
 "flint-hal",
 "flint-soc-esp32",
]

[[package]]
name = "flint-build"
version = "0.1.0"

[[package]]
name = "flint-driver-bme280"
version = "0.1.0"
dependencies = [
 "flint-api",
]

[[package]]
name = "flint-driver-ssd1306"
version = "0.1.0"
dependencies = [
 "flint-api",
]

[[package]]
name = "flint-esp32-gpio"
version = "0.1.0"
dependencies = [
 "flint-hal",
 "flint-soc-esp32",
]

[[package]]
name = "flint-esp32-i2c"
version = "0.1.0"
dependencies = [
 "flint-hal",
 "flint-soc-esp32",
]

[[package]]
name = "flint-esp32-spi"
version = "0.1.0"
dependencies = [
 "flint-hal",
 "flint-soc-esp32",
]

[[package]]
name = "flint-esp32-uart"
version = "0.1.0"
dependencies = [
 "flint-hal",
 "flint-soc-esp32",
]

[[package]]
name = "flint-hal"
version = "0.1.0"

[[package]]
name = "flint-i2c-bus"
version = "0.1.0"
dependencies = [
 "flint-api",
]

[[package]]
name = "flint-kernel"
version = "0.1.0"
dependencies = [
 "flint-api",
 "flint-arch-xtensa",
 "flint-board",
 "flint-esp32-uart",
 "flint-hal",
]

[[package]]
name = "flint-size"
version = "0.1.0"

[[package]]
name = "flint-soc-esp32"
version = "0.1.0"
dependencies = [
 "flint-hal",
]

[[package]]
name = "flint-spi-bus"
version = "0.1.0"
dependencies = [
 "flint-api",
]

[[package]]
name = "flint-uart-bus"
version = "0.1.0"
dependencies = [
 "flint-api",
]

[[package]]
name = "hello"
version = "0.1.0"
dependencies = [
 "flint-api",
 "flint-build",
 "flint-hal",
 "flint-kernel",
]
